
Microsoft Visual Studio Solution File, Format Version 12.00
# Visual Studio Version 17
VisualStudioVersion = 17.10.34928.147
MinimumVisualStudioVersion = 10.0.40219.1
Project("{FAE04EC0-301F-11D3-BF4B-00C04F79EFBC}") = "Polymorphism", "Polymorphism\Polymorphism.csproj", "{19A5D742-40EA-4DCC-9882-9E9507F92E96}"
EndProject
Global
	GlobalSection(SolutionConfigurationPlatforms) = preSolution
		Debug|Any CPU = Debug|Any CPU
		Release|Any CPU = Release|Any CPU
	EndGlobalSection
	GlobalSection(ProjectConfigurationPlatforms) = postSolution
		{19A5D742-40EA-4DCC-9882-9E9507F92E96}.Debug|Any CPU.ActiveCfg = Debug|Any CPU
		{19A5D742-40EA-4DCC-9882-9E9507F92E96}.Debug|Any CPU.Build.0 = Debug|Any CPU
		{19A5D742-40EA-4DCC-9882-9E9507F92E96}.Release|Any CPU.ActiveCfg = Release|Any CPU
		{19A5D742-40EA-4DCC-9882-9E9507F92E96}.Release|Any CPU.Build.0 = Release|Any CPU
	EndGlobalSection
	GlobalSection(SolutionProperties) = preSolution
		HideSolutionNode = FALSE
	EndGlobalSection
	GlobalSection(ExtensibilityGlobals) = postSolution
		SolutionGuid = {C942F2A2-94E8-4868-9C88-161A5405D855}
	EndGlobalSection
EndGlobal
